// !$*UTF8*$!
{
	archiveVersion = 1;
	classes = {
	};
	objectVersion = 56;
	objects = {

/* Begin PBXBuildFile section */
		A76FEC9C2B30570800FDAB04 /* iDineApp.swift in Sources */ = {isa = PBXBuildFile; fileRef = A76FEC9B2B30570800FDAB04 /* iDineApp.swift */; };
		A76FEC9E2B30570800FDAB04 /* ContentView.swift in Sources */ = {isa = PBXBuildFile; fileRef = A76FEC9D2B30570800FDAB04 /* ContentView.swift */; };
		A76FECA02B30570A00FDAB04 /* Assets.xcassets in Resources */ = {isa = PBXBuildFile; fileRef = A76FEC9F2B30570A00FDAB04 /* Assets.xcassets */; };
		A76FECA32B30570A00FDAB04 /* Preview Assets.xcassets in Resources */ = {isa = PBXBuildFile; fileRef = A76FECA22B30570A00FDAB04 /* Preview Assets.xcassets */; };
		A76FECAD2B30570A00FDAB04 /* iDineTests.swift in Sources */ = {isa = PBXBuildFile; fileRef = A76FECAC2B30570A00FDAB04 /* iDineTests.swift */; };
		A76FECB72B30570A00FDAB04 /* iDineUITests.swift in Sources */ = {isa = PBXBuildFile; fileRef = A76FECB62B30570A00FDAB04 /* iDineUITests.swift */; };
		A76FECB92B30570A00FDAB04 /* iDineUITestsLaunchTests.swift in Sources */ = {isa = PBXBuildFile; fileRef = A76FECB82B30570A00FDAB04 /* iDineUITestsLaunchTests.swift */; };
		A76FECC82B30576D00FDAB04 /* Order.swift in Sources */ = {isa = PBXBuildFile; fileRef = A76FECC52B30576D00FDAB04 /* Order.swift */; };
		A76FECC92B30576D00FDAB04 /* Helper.swift in Sources */ = {isa = PBXBuildFile; fileRef = A76FECC62B30576D00FDAB04 /* Helper.swift */; };
		A76FECCA2B30576D00FDAB04 /* Menu.swift in Sources */ = {isa = PBXBuildFile; fileRef = A76FECC72B30576D00FDAB04 /* Menu.swift */; };
		A76FECCF2B30580700FDAB04 /* menu.json in Resources */ = {isa = PBXBuildFile; fileRef = A76FECCE2B30580700FDAB04 /* menu.json */; };
/* End PBXBuildFile section */

/* Begin PBXContainerItemProxy section */
		A76FECA92B30570A00FDAB04 /* PBXContainerItemProxy */ = {
			isa = PBXContainerItemProxy;
			containerPortal = A76FEC902B30570800FDAB04 /* Project object */;
			proxyType = 1;
			remoteGlobalIDString = A76FEC972B30570800FDAB04;
			remoteInfo = iDine;
		};
		A76FECB32B30570A00FDAB04 /* PBXContainerItemProxy */ = {
			isa = PBXContainerItemProxy;
			containerPortal = A76FEC902B30570800FDAB04 /* Project object */;
			proxyType = 1;
			remoteGlobalIDString = A76FEC972B30570800FDAB04;
			remoteInfo = iDine;
		};
/* End PBXContainerItemProxy section */

/* Begin PBXFileReference section */
		A76FEC982B30570800FDAB04 /* iDine.app */ = {isa = PBXFileReference; explicitFileType = wrapper.application; includeInIndex = 0; path = iDine.app; sourceTree = BUILT_PRODUCTS_DIR; };
		A76FEC9B2B30570800FDAB04 /* iDineApp.swift */ = {isa = PBXFileReference; lastKnownFileType = sourcecode.swift; path = iDineApp.swift; sourceTree = "<group>"; };
		A76FEC9D2B30570800FDAB04 /* ContentView.swift */ = {isa = PBXFileReference; lastKnownFileType = sourcecode.swift; path = ContentView.swift; sourceTree = "<group>"; };
		A76FEC9F2B30570A00FDAB04 /* Assets.xcassets */ = {isa = PBXFileReference; lastKnownFileType = folder.assetcatalog; path = Assets.xcassets; sourceTree = "<group>"; };
		A76FECA22B30570A00FDAB04 /* Preview Assets.xcassets */ = {isa = PBXFileReference; lastKnownFileType = folder.assetcatalog; path = "Preview Assets.xcassets"; sourceTree = "<group>"; };
		A76FECA82B30570A00FDAB04 /* iDineTests.xctest */ = {isa = PBXFileReference; explicitFileType = wrapper.cfbundle; includeInIndex = 0; path = iDineTests.xctest; sourceTree = BUILT_PRODUCTS_DIR; };
		A76FECAC2B30570A00FDAB04 /* iDineTests.swift */ = {isa = PBXFileReference; lastKnownFileType = sourcecode.swift; path = iDineTests.swift; sourceTree = "<group>"; };
		A76FECB22B30570A00FDAB04 /* iDineUITests.xctest */ = {isa = PBXFileReference; explicitFileType = wrapper.cfbundle; includeInIndex = 0; path = iDineUITests.xctest; sourceTree = BUILT_PRODUCTS_DIR; };
		A76FECB62B30570A00FDAB04 /* iDineUITests.swift */ = {isa = PBXFileReference; lastKnownFileType = sourcecode.swift; path = iDineUITests.swift; sourceTree = "<group>"; };
		A76FECB82B30570A00FDAB04 /* iDineUITestsLaunchTests.swift */ = {isa = PBXFileReference; lastKnownFileType = sourcecode.swift; path = iDineUITestsLaunchTests.swift; sourceTree = "<group>"; };
		A76FECC52B30576D00FDAB04 /* Order.swift */ = {isa = PBXFileReference; fileEncoding = 4; lastKnownFileType = sourcecode.swift; path = Order.swift; sourceTree = "<group>"; };
		A76FECC62B30576D00FDAB04 /* Helper.swift */ = {isa = PBXFileReference; fileEncoding = 4; lastKnownFileType = sourcecode.swift; path = Helper.swift; sourceTree = "<group>"; };
		A76FECC72B30576D00FDAB04 /* Menu.swift */ = {isa = PBXFileReference; fileEncoding = 4; lastKnownFileType = sourcecode.swift; path = Menu.swift; sourceTree = "<group>"; };
		A76FECCE2B30580700FDAB04 /* menu.json */ = {isa = PBXFileReference; fileEncoding = 4; lastKnownFileType = text.json; path = menu.json; sourceTree = "<group>"; };
/* End PBXFileReference section */

/* Begin PBXFrameworksBuildPhase section */
		A76FEC952B30570800FDAB04 /* Frameworks */ = {
			isa = PBXFrameworksBuildPhase;
			buildActionMask = 2147483647;
			files = (
			);
			runOnlyForDeploymentPostprocessing = 0;
		};
		A76FECA52B30570A00FDAB04 /* Frameworks */ = {
			isa = PBXFrameworksBuildPhase;
			buildActionMask = 2147483647;
			files = (
			);
			runOnlyForDeploymentPostprocessing = 0;
		};
		A76FECAF2B30570A00FDAB04 /* Frameworks */ = {
			isa = PBXFrameworksBuildPhase;
			buildActionMask = 2147483647;
			files = (
			);
			runOnlyForDeploymentPostprocessing = 0;
		};
/* End PBXFrameworksBuildPhase section */

/* Begin PBXGroup section */
		A76FEC8F2B30570800FDAB04 = {
			isa = PBXGroup;
			children = (
				A76FEC9A2B30570800FDAB04 /* iDine */,
				A76FECAB2B30570A00FDAB04 /* iDineTests */,
				A76FECB52B30570A00FDAB04 /* iDineUITests */,
				A76FEC992B30570800FDAB04 /* Products */,
			);
			sourceTree = "<group>";
		};
		A76FEC992B30570800FDAB04 /* Products */ = {
			isa = PBXGroup;
			children = (
				A76FEC982B30570800FDAB04 /* iDine.app */,
				A76FECA82B30570A00FDAB04 /* iDineTests.xctest */,
				A76FECB22B30570A00FDAB04 /* iDineUITests.xctest */,
			);
			name = Products;
			sourceTree = "<group>";
		};
		A76FEC9A2B30570800FDAB04 /* iDine */ = {
			isa = PBXGroup;
			children = (
				A76FECCD2B30579C00FDAB04 /* Helpers */,
				A76FECCC2B30577B00FDAB04 /* Views */,
				A76FECCB2B30577300FDAB04 /* Models */,
				A76FEC9B2B30570800FDAB04 /* iDineApp.swift */,
				A76FEC9F2B30570A00FDAB04 /* Assets.xcassets */,
				A76FECA12B30570A00FDAB04 /* Preview Content */,
			);
			path = iDine;
			sourceTree = "<group>";
		};
		A76FECA12B30570A00FDAB04 /* Preview Content */ = {
			isa = PBXGroup;
			children = (
				A76FECA22B30570A00FDAB04 /* Preview Assets.xcassets */,
			);
			path = "Preview Content";
			sourceTree = "<group>";
		};
		A76FECAB2B30570A00FDAB04 /* iDineTests */ = {
			isa = PBXGroup;
			children = (
				A76FECAC2B30570A00FDAB04 /* iDineTests.swift */,
			);
			path = iDineTests;
			sourceTree = "<group>";
		};
		A76FECB52B30570A00FDAB04 /* iDineUITests */ = {
			isa = PBXGroup;
			children = (
				A76FECB62B30570A00FDAB04 /* iDineUITests.swift */,
				A76FECB82B30570A00FDAB04 /* iDineUITestsLaunchTests.swift */,
			);
			path = iDineUITests;
			sourceTree = "<group>";
		};
		A76FECCB2B30577300FDAB04 /* Models */ = {
			isa = PBXGroup;
			children = (
				A76FECCE2B30580700FDAB04 /* menu.json */,
				A76FECC72B30576D00FDAB04 /* Menu.swift */,
				A76FECC52B30576D00FDAB04 /* Order.swift */,
			);
			path = Models;
			sourceTree = "<group>";
		};
		A76FECCC2B30577B00FDAB04 /* Views */ = {
			isa = PBXGroup;
			children = (
				A76FEC9D2B30570800FDAB04 /* ContentView.swift */,
			);
			path = Views;
			sourceTree = "<group>";
		};
		A76FECCD2B30579C00FDAB04 /* Helpers */ = {
			isa = PBXGroup;
			children = (
				A76FECC62B30576D00FDAB04 /* Helper.swift */,
			);
			path = Helpers;
			sourceTree = "<group>";
		};
/* End PBXGroup section */

/* Begin PBXNativeTarget section */
		A76FEC972B30570800FDAB04 /* iDine */ = {
			isa = PBXNativeTarget;
			buildConfigurationList = A76FECBC2B30570A00FDAB04 /* Build configuration list for PBXNativeTarget "iDine" */;
			buildPhases = (
				A76FEC942B30570800FDAB04 /* Sources */,
				A76FEC952B30570800FDAB04 /* Frameworks */,
				A76FEC962B30570800FDAB04 /* Resources */,
			);
			buildRules = (
			);
			dependencies = (
			);
			name = iDine;
			productName = iDine;
			productReference = A76FEC982B30570800FDAB04 /* iDine.app */;
			productType = "com.apple.product-type.application";
		};
		A76FECA72B30570A00FDAB04 /* iDineTests */ = {
			isa = PBXNativeTarget;
			buildConfigurationList = A76FECBF2B30570A00FDAB04 /* Build configuration list for PBXNativeTarget "iDineTests" */;
			buildPhases = (
				A76FECA42B30570A00FDAB04 /* Sources */,
				A76FECA52B30570A00FDAB04 /* Frameworks */,
				A76FECA62B30570A00FDAB04 /* Resources */,
			);
			buildRules = (
			);
			dependencies = (
				A76FECAA2B30570A00FDAB04 /* PBXTargetDependency */,
			);
			name = iDineTests;
			productName = iDineTests;
			productReference = A76FECA82B30570A00FDAB04 /* iDineTests.xctest */;
			productType = "com.apple.product-type.bundle.unit-test";
		};
		A76FECB12B30570A00FDAB04 /* iDineUITests */ = {
			isa = PBXNativeTarget;
			buildConfigurationList = A76FECC22B30570A00FDAB04 /* Build configuration list for PBXNativeTarget "iDineUITests" */;
			buildPhases = (
				A76FECAE2B30570A00FDAB04 /* Sources */,
				A76FECAF2B30570A00FDAB04 /* Frameworks */,
				A76FECB02B30570A00FDAB04 /* Resources */,
			);
			buildRules = (
			);
			dependencies = (
				A76FECB42B30570A00FDAB04 /* PBXTargetDependency */,
			);
			name = iDineUITests;
			productName = iDineUITests;
			productReference = A76FECB22B30570A00FDAB04 /* iDineUITests.xctest */;
			productType = "com.apple.product-type.bundle.ui-testing";
		};
/* End PBXNativeTarget section */

/* Begin PBXProject section */
		A76FEC902B30570800FDAB04 /* Project object */ = {
			isa = PBXProject;
			attributes = {
				BuildIndependentTargetsInParallel = 1;
				LastSwiftUpdateCheck = 1430;
				LastUpgradeCheck = 1430;
				TargetAttributes = {
					A76FEC972B30570800FDAB04 = {
						CreatedOnToolsVersion = 14.3.1;
					};
					A76FECA72B30570A00FDAB04 = {
						CreatedOnToolsVersion = 14.3.1;
						TestTargetID = A76FEC972B30570800FDAB04;
					};
					A76FECB12B30570A00FDAB04 = {
						CreatedOnToolsVersion = 14.3.1;
						TestTargetID = A76FEC972B30570800FDAB04;
					};
				};
			};
			buildConfigurationList = A76FEC932B30570800FDAB04 /* Build configuration list for PBXProject "iDine" */;
			compatibilityVersion = "Xcode 14.0";
			developmentRegion = en;
			hasScannedForEncodings = 0;
			knownRegions = (
				en,
				Base,
			);
			mainGroup = A76FEC8F2B30570800FDAB04;
			productRefGroup = A76FEC992B30570800FDAB04 /* Products */;
			projectDirPath = "";
			projectRoot = "";
			targets = (
				A76FEC972B30570800FDAB04 /* iDine */,
				A76FECA72B30570A00FDAB04 /* iDineTests */,
				A76FECB12B30570A00FDAB04 /* iDineUITests */,
			);
		};
/* End PBXProject section */

/* Begin PBXResourcesBuildPhase section */
		A76FEC962B30570800FDAB04 /* Resources */ = {
			isa = PBXResourcesBuildPhase;
			buildActionMask = 2147483647;
			files = (
				A76FECCF2B30580700FDAB04 /* menu.json in Resources */,
				A76FECA32B30570A00FDAB04 /* Preview Assets.xcassets in Resources */,
				A76FECA02B30570A00FDAB04 /* Assets.xcassets in Resources */,
			);
			runOnlyForDeploymentPostprocessing = 0;
		};
		A76FECA62B30570A00FDAB04 /* Resources */ = {
			isa = PBXResourcesBuildPhase;
			buildActionMask = 2147483647;
			files = (
			);
			runOnlyForDeploymentPostprocessing = 0;
		};
		A76FECB02B30570A00FDAB04 /* Resources */ = {
			isa = PBXResourcesBuildPhase;
			buildActionMask = 2147483647;
			files = (
			);
			runOnlyForDeploymentPostprocessing = 0;
		};
/* End PBXResourcesBuildPhase section */

/* Begin PBXSourcesBuildPhase section */
		A76FEC942B30570800FDAB04 /* Sources */ = {
			isa = PBXSourcesBuildPhase;
			buildActionMask = 2147483647;
			files = (
				A76FECC82B30576D00FDAB04 /* Order.swift in Sources */,
				A76FEC9E2B30570800FDAB04 /* ContentView.swift in Sources */,
				A76FEC9C2B30570800FDAB04 /* iDineApp.swift in Sources */,
				A76FECC92B30576D00FDAB04 /* Helper.swift in Sources */,
				A76FECCA2B30576D00FDAB04 /* Menu.swift in Sources */,
			);
			runOnlyForDeploymentPostprocessing = 0;
		};
		A76FECA42B30570A00FDAB04 /* Sources */ = {
			isa = PBXSourcesBuildPhase;
			buildActionMask = 2147483647;
			files = (
				A76FECAD2B30570A00FDAB04 /* iDineTests.swift in Sources */,
			);
			runOnlyForDeploymentPostprocessing = 0;
		};
		A76FECAE2B30570A00FDAB04 /* Sources */ = {
			isa = PBXSourcesBuildPhase;
			buildActionMask = 2147483647;
			files = (
				A76FECB92B30570A00FDAB04 /* iDineUITestsLaunchTests.swift in Sources */,
				A76FECB72B30570A00FDAB04 /* iDineUITests.swift in Sources */,
			);
			runOnlyForDeploymentPostprocessing = 0;
		};
/* End PBXSourcesBuildPhase section */

/* Begin PBXTargetDependency section */
		A76FECAA2B30570A00FDAB04 /* PBXTargetDependency */ = {
			isa = PBXTargetDependency;
			target = A76FEC972B30570800FDAB04 /* iDine */;
			targetProxy = A76FECA92B30570A00FDAB04 /* PBXContainerItemProxy */;
		};
		A76FECB42B30570A00FDAB04 /* PBXTargetDependency */ = {
			isa = PBXTargetDependency;
			target = A76FEC972B30570800FDAB04 /* iDine */;
			targetProxy = A76FECB32B30570A00FDAB04 /* PBXContainerItemProxy */;
		};
/* End PBXTargetDependency section */

/* Begin XCBuildConfiguration section */
		A76FECBA2B30570A00FDAB04 /* Debug */ = {
			isa = XCBuildConfiguration;
			buildSettings = {
				ALWAYS_SEARCH_USER_PATHS = NO;
				CLANG_ANALYZER_NONNULL = YES;
				CLANG_ANALYZER_NUMBER_OBJECT_CONVERSION = YES_AGGRESSIVE;
				CLANG_CXX_LANGUAGE_STANDARD = "gnu++20";
				CLANG_ENABLE_MODULES = YES;
				CLANG_ENABLE_OBJC_ARC = YES;
				CLANG_ENABLE_OBJC_WEAK = YES;
				CLANG_WARN_BLOCK_CAPTURE_AUTORELEASING = YES;
				CLANG_WARN_BOOL_CONVERSION = YES;
				CLANG_WARN_COMMA = YES;
				CLANG_WARN_CONSTANT_CONVERSION = YES;
				CLANG_WARN_DEPRECATED_OBJC_IMPLEMENTATIONS = YES;
				CLANG_WARN_DIRECT_OBJC_ISA_USAGE = YES_ERROR;
				CLANG_WARN_DOCUMENTATION_COMMENTS = YES;
				CLANG_WARN_EMPTY_BODY = YES;
				CLANG_WARN_ENUM_CONVERSION = YES;
				CLANG_WARN_INFINITE_RECURSION = YES;
				CLANG_WARN_INT_CONVERSION = YES;
				CLANG_WARN_NON_LITERAL_NULL_CONVERSION = YES;
				CLANG_WARN_OBJC_IMPLICIT_RETAIN_SELF = YES;
				CLANG_WARN_OBJC_LITERAL_CONVERSION = YES;
				CLANG_WARN_OBJC_ROOT_CLASS = YES_ERROR;
				CLANG_WARN_QUOTED_INCLUDE_IN_FRAMEWORK_HEADER = YES;
				CLANG_WARN_RANGE_LOOP_ANALYSIS = YES;
				CLANG_WARN_STRICT_PROTOTYPES = YES;
				CLANG_WARN_SUSPICIOUS_MOVE = YES;
				CLANG_WARN_UNGUARDED_AVAILABILITY = YES_AGGRESSIVE;
				CLANG_WARN_UNREACHABLE_CODE = YES;
				CLANG_WARN__DUPLICATE_METHOD_MATCH = YES;
				COPY_PHASE_STRIP = NO;
				DEBUG_INFORMATION_FORMAT = dwarf;
				ENABLE_STRICT_OBJC_MSGSEND = YES;
				ENABLE_TESTABILITY = YES;
				GCC_C_LANGUAGE_STANDARD = gnu11;
				GCC_DYNAMIC_NO_PIC = NO;
				GCC_NO_COMMON_BLOCKS = YES;
				GCC_OPTIMIZATION_LEVEL = 0;
				GCC_PREPROCESSOR_DEFINITIONS = (
					"DEBUG=1",
					"$(inherited)",
				);
				GCC_WARN_64_TO_32_BIT_CONVERSION = YES;
				GCC_WARN_ABOUT_RETURN_TYPE = YES_ERROR;
				GCC_WARN_UNDECLARED_SELECTOR = YES;
				GCC_WARN_UNINITIALIZED_AUTOS = YES_AGGRESSIVE;
				GCC_WARN_UNUSED_FUNCTION = YES;
				GCC_WARN_UNUSED_VARIABLE = YES;
				IPHONEOS_DEPLOYMENT_TARGET = 16.4;
				MTL_ENABLE_DEBUG_INFO = INCLUDE_SOURCE;
				MTL_FAST_MATH = YES;
				ONLY_ACTIVE_ARCH = YES;
				SDKROOT = iphoneos;
				SWIFT_ACTIVE_COMPILATION_CONDITIONS = DEBUG;
				SWIFT_OPTIMIZATION_LEVEL = "-Onone";
			};
			name = Debug;
		};
		A76FECBB2B30570A00FDAB04 /* Release */ = {
			isa = XCBuildConfiguration;
			buildSettings = {
				ALWAYS_SEARCH_USER_PATHS = NO;
				CLANG_ANALYZER_NONNULL = YES;
				CLANG_ANALYZER_NUMBER_OBJECT_CONVERSION = YES_AGGRESSIVE;
				CLANG_CXX_LANGUAGE_STANDARD = "gnu++20";
				CLANG_ENABLE_MODULES = YES;
				CLANG_ENABLE_OBJC_ARC = YES;
				CLANG_ENABLE_OBJC_WEAK = YES;
				CLANG_WARN_BLOCK_CAPTURE_AUTORELEASING = YES;
				CLANG_WARN_BOOL_CONVERSION = YES;
				CLANG_WARN_COMMA = YES;
				CLANG_WARN_CONSTANT_CONVERSION = YES;
				CLANG_WARN_DEPRECATED_OBJC_IMPLEMENTATIONS = YES;
				CLANG_WARN_DIRECT_OBJC_ISA_USAGE = YES_ERROR;
				CLANG_WARN_DOCUMENTATION_COMMENTS = YES;
				CLANG_WARN_EMPTY_BODY = YES;
				CLANG_WARN_ENUM_CONVERSION = YES;
				CLANG_WARN_INFINITE_RECURSION = YES;
				CLANG_WARN_INT_CONVERSION = YES;
				CLANG_WARN_NON_LITERAL_NULL_CONVERSION = YES;
				CLANG_WARN_OBJC_IMPLICIT_RETAIN_SELF = YES;
				CLANG_WARN_OBJC_LITERAL_CONVERSION = YES;
				CLANG_WARN_OBJC_ROOT_CLASS = YES_ERROR;
				CLANG_WARN_QUOTED_INCLUDE_IN_FRAMEWORK_HEADER = YES;
				CLANG_WARN_RANGE_LOOP_ANALYSIS = YES;
				CLANG_WARN_STRICT_PROTOTYPES = YES;
				CLANG_WARN_SUSPICIOUS_MOVE = YES;
				CLANG_WARN_UNGUARDED_AVAILABILITY = YES_AGGRESSIVE;
				CLANG_WARN_UNREACHABLE_CODE = YES;
				CLANG_WARN__DUPLICATE_METHOD_MATCH = YES;
				COPY_PHASE_STRIP = NO;
				DEBUG_INFORMATION_FORMAT = "dwarf-with-dsym";
				ENABLE_NS_ASSERTIONS = NO;
				ENABLE_STRICT_OBJC_MSGSEND = YES;
				GCC_C_LANGUAGE_STANDARD = gnu11;
				GCC_NO_COMMON_BLOCKS = YES;
				GCC_WARN_64_TO_32_BIT_CONVERSION = YES;
				GCC_WARN_ABOUT_RETURN_TYPE = YES_ERROR;
				GCC_WARN_UNDECLARED_SELECTOR = YES;
				GCC_WARN_UNINITIALIZED_AUTOS = YES_AGGRESSIVE;
				GCC_WARN_UNUSED_FUNCTION = YES;
				GCC_WARN_UNUSED_VARIABLE = YES;
				IPHONEOS_DEPLOYMENT_TARGET = 16.4;
				MTL_ENABLE_DEBUG_INFO = NO;
				MTL_FAST_MATH = YES;
				SDKROOT = iphoneos;
				SWIFT_COMPILATION_MODE = wholemodule;
				SWIFT_OPTIMIZATION_LEVEL = "-O";
				VALIDATE_PRODUCT = YES;
			};
			name = Release;
		};
		A76FECBD2B30570A00FDAB04 /* Debug */ = {
			isa = XCBuildConfiguration;
			buildSettings = {
				ASSETCATALOG_COMPILER_APPICON_NAME = AppIcon;
				ASSETCATALOG_COMPILER_GLOBAL_ACCENT_COLOR_NAME = AccentColor;
				CODE_SIGN_STYLE = Automatic;
				CURRENT_PROJECT_VERSION = 1;
				DEVELOPMENT_ASSET_PATHS = "\"iDine/Preview Content\"";
				DEVELOPMENT_TEAM = MFTH5Q74HW;
				ENABLE_PREVIEWS = YES;
				GENERATE_INFOPLIST_FILE = YES;
				INFOPLIST_KEY_UIApplicationSceneManifest_Generation = YES;
				INFOPLIST_KEY_UIApplicationSupportsIndirectInputEvents = YES;
				INFOPLIST_KEY_UILaunchScreen_Generation = YES;
				INFOPLIST_KEY_UISupportedInterfaceOrientations_iPad = "UIInterfaceOrientationPortrait UIInterfaceOrientationPortraitUpsideDown UIInterfaceOrientationLandscapeLeft UIInterfaceOrientationLandscapeRight";
				INFOPLIST_KEY_UISupportedInterfaceOrientations_iPhone = "UIInterfaceOrientationPortrait UIInterfaceOrientationLandscapeLeft UIInterfaceOrientationLandscapeRight";
				LD_RUNPATH_SEARCH_PATHS = (
					"$(inherited)",
					"@executable_path/Frameworks",
				);
				MARKETING_VERSION = 1.0;
				PRODUCT_BUNDLE_IDENTIFIER = com.martinjkelly.iDine;
				PRODUCT_NAME = "$(TARGET_NAME)";
				SWIFT_EMIT_LOC_STRINGS = YES;
				SWIFT_VERSION = 5.0;
				TARGETED_DEVICE_FAMILY = "1,2";
			};
			name = Debug;
		};
		A76FECBE2B30570A00FDAB04 /* Release */ = {
			isa = XCBuildConfiguration;
			buildSettings = {
				ASSETCATALOG_COMPILER_APPICON_NAME = AppIcon;
				ASSETCATALOG_COMPILER_GLOBAL_ACCENT_COLOR_NAME = AccentColor;
				CODE_SIGN_STYLE = Automatic;
				CURRENT_PROJECT_VERSION = 1;
				DEVELOPMENT_ASSET_PATHS = "\"iDine/Preview Content\"";
				DEVELOPMENT_TEAM = MFTH5Q74HW;
				ENABLE_PREVIEWS = YES;
				GENERATE_INFOPLIST_FILE = YES;
				INFOPLIST_KEY_UIApplicationSceneManifest_Generation = YES;
				INFOPLIST_KEY_UIApplicationSupportsIndirectInputEvents = YES;
				INFOPLIST_KEY_UILaunchScreen_Generation = YES;
				INFOPLIST_KEY_UISupportedInterfaceOrientations_iPad = "UIInterfaceOrientationPortrait UIInterfaceOrientationPortraitUpsideDown UIInterfaceOrientationLandscapeLeft UIInterfaceOrientationLandscapeRight";
				INFOPLIST_KEY_UISupportedInterfaceOrientations_iPhone = "UIInterfaceOrientationPortrait UIInterfaceOrientationLandscapeLeft UIInterfaceOrientationLandscapeRight";
				LD_RUNPATH_SEARCH_PATHS = (
					"$(inherited)",
					"@executable_path/Frameworks",
				);
				MARKETING_VERSION = 1.0;
				PRODUCT_BUNDLE_IDENTIFIER = com.martinjkelly.iDine;
				PRODUCT_NAME = "$(TARGET_NAME)";
				SWIFT_EMIT_LOC_STRINGS = YES;
				SWIFT_VERSION = 5.0;
				TARGETED_DEVICE_FAMILY = "1,2";
			};
			name = Release;
		};
		A76FECC02B30570A00FDAB04 /* Debug */ = {
			isa = XCBuildConfiguration;
			buildSettings = {
				ALWAYS_EMBED_SWIFT_STANDARD_LIBRARIES = YES;
				BUNDLE_LOADER = "$(TEST_HOST)";
				CODE_SIGN_STYLE = Automatic;
				CURRENT_PROJECT_VERSION = 1;
				DEVELOPMENT_TEAM = MFTH5Q74HW;
				GENERATE_INFOPLIST_FILE = YES;
				IPHONEOS_DEPLOYMENT_TARGET = 16.4;
				MARKETING_VERSION = 1.0;
				PRODUCT_BUNDLE_IDENTIFIER = com.martinjkelly.iDineTests;
				PRODUCT_NAME = "$(TARGET_NAME)";
				SWIFT_EMIT_LOC_STRINGS = NO;
				SWIFT_VERSION = 5.0;
				TARGETED_DEVICE_FAMILY = "1,2";
				TEST_HOST = "$(BUILT_PRODUCTS_DIR)/iDine.app/$(BUNDLE_EXECUTABLE_FOLDER_PATH)/iDine";
			};
			name = Debug;
		};
		A76FECC12B30570A00FDAB04 /* Release */ = {
			isa = XCBuildConfiguration;
			buildSettings = {
				ALWAYS_EMBED_SWIFT_STANDARD_LIBRARIES = YES;
				BUNDLE_LOADER = "$(TEST_HOST)";
				CODE_SIGN_STYLE = Automatic;
				CURRENT_PROJECT_VERSION = 1;
				DEVELOPMENT_TEAM = MFTH5Q74HW;
				GENERATE_INFOPLIST_FILE = YES;
				IPHONEOS_DEPLOYMENT_TARGET = 16.4;
				MARKETING_VERSION = 1.0;
				PRODUCT_BUNDLE_IDENTIFIER = com.martinjkelly.iDineTests;
				PRODUCT_NAME = "$(TARGET_NAME)";
				SWIFT_EMIT_LOC_STRINGS = NO;
				SWIFT_VERSION = 5.0;
				TARGETED_DEVICE_FAMILY = "1,2";
				TEST_HOST = "$(BUILT_PRODUCTS_DIR)/iDine.app/$(BUNDLE_EXECUTABLE_FOLDER_PATH)/iDine";
			};
			name = Release;
		};
		A76FECC32B30570A00FDAB04 /* Debug */ = {
			isa = XCBuildConfiguration;
			buildSettings = {
				ALWAYS_EMBED_SWIFT_STANDARD_LIBRARIES = YES;
				CODE_SIGN_STYLE = Automatic;
				CURRENT_PROJECT_VERSION = 1;
				DEVELOPMENT_TEAM = MFTH5Q74HW;
				GENERATE_INFOPLIST_FILE = YES;
				MARKETING_VERSION = 1.0;
				PRODUCT_BUNDLE_IDENTIFIER = com.martinjkelly.iDineUITests;
				PRODUCT_NAME = "$(TARGET_NAME)";
				SWIFT_EMIT_LOC_STRINGS = NO;
				SWIFT_VERSION = 5.0;
				TARGETED_DEVICE_FAMILY = "1,2";
				TEST_TARGET_NAME = iDine;
			};
			name = Debug;
		};
		A76FECC42B30570A00FDAB04 /* Release */ = {
			isa = XCBuildConfiguration;
			buildSettings = {
				ALWAYS_EMBED_SWIFT_STANDARD_LIBRARIES = YES;
				CODE_SIGN_STYLE = Automatic;
				CURRENT_PROJECT_VERSION = 1;
				DEVELOPMENT_TEAM = MFTH5Q74HW;
				GENERATE_INFOPLIST_FILE = YES;
				MARKETING_VERSION = 1.0;
				PRODUCT_BUNDLE_IDENTIFIER = com.martinjkelly.iDineUITests;
				PRODUCT_NAME = "$(TARGET_NAME)";
				SWIFT_EMIT_LOC_STRINGS = NO;
				SWIFT_VERSION = 5.0;
				TARGETED_DEVICE_FAMILY = "1,2";
				TEST_TARGET_NAME = iDine;
			};
			name = Release;
		};
/* End XCBuildConfiguration section */

/* Begin XCConfigurationList section */
		A76FEC932B30570800FDAB04 /* Build configuration list for PBXProject "iDine" */ = {
			isa = XCConfigurationList;
			buildConfigurations = (
				A76FECBA2B30570A00FDAB04 /* Debug */,
				A76FECBB2B30570A00FDAB04 /* Release */,
			);
			defaultConfigurationIsVisible = 0;
			defaultConfigurationName = Release;
		};
		A76FECBC2B30570A00FDAB04 /* Build configuration list for PBXNativeTarget "iDine" */ = {
			isa = XCConfigurationList;
			buildConfigurations = (
				A76FECBD2B30570A00FDAB04 /* Debug */,
				A76FECBE2B30570A00FDAB04 /* Release */,
			);
			defaultConfigurationIsVisible = 0;
			defaultConfigurationName = Release;
		};
		A76FECBF2B30570A00FDAB04 /* Build configuration list for PBXNativeTarget "iDineTests" */ = {
			isa = XCConfigurationList;
			buildConfigurations = (
				A76FECC02B30570A00FDAB04 /* Debug */,
				A76FECC12B30570A00FDAB04 /* Release */,
			);
			defaultConfigurationIsVisible = 0;
			defaultConfigurationName = Release;
		};
		A76FECC22B30570A00FDAB04 /* Build configuration list for PBXNativeTarget "iDineUITests" */ = {
			isa = XCConfigurationList;
			buildConfigurations = (
				A76FECC32B30570A00FDAB04 /* Debug */,
				A76FECC42B30570A00FDAB04 /* Release */,
			);
			defaultConfigurationIsVisible = 0;
			defaultConfigurationName = Release;
		};
/* End XCConfigurationList section */
	};
	rootObject = A76FEC902B30570800FDAB04 /* Project object */;
}
